// !$*UTF8*$!
{
	archiveVersion = 1;
	classes = {
	};
	objectVersion = 46;
	objects = {

/* Begin PBXBuildFile section */
		D0FF7C8C1B2853BC00F238A6 /* AppDelegate.swift in Sources */ = {isa = PBXBuildFile; fileRef = D0FF7C8B1B2853BC00F238A6 /* AppDelegate.swift */; };
		D0FF7C8E1B2853BC00F238A6 /* ViewController.swift in Sources */ = {isa = PBXBuildFile; fileRef = D0FF7C8D1B2853BC00F238A6 /* ViewController.swift */; };
		D0FF7C911B2853BC00F238A6 /* Main.storyboard in Resources */ = {isa = PBXBuildFile; fileRef = D0FF7C8F1B2853BC00F238A6 /* Main.storyboard */; };
		D0FF7C931B2853BC00F238A6 /* Images.xcassets in Resources */ = {isa = PBXBuildFile; fileRef = D0FF7C921B2853BC00F238A6 /* Images.xcassets */; };
		D0FF7C961B2853BC00F238A6 /* LaunchScreen.xib in Resources */ = {isa = PBXBuildFile; fileRef = D0FF7C941B2853BC00F238A6 /* LaunchScreen.xib */; };
		D0FF7CA21B2853BC00F238A6 /* to_doTests.swift in Sources */ = {isa = PBXBuildFile; fileRef = D0FF7CA11B2853BC00F238A6 /* to_doTests.swift */; };
		D0FF7CAE1B2879C400F238A6 /* SignUpViewController.swift in Sources */ = {isa = PBXBuildFile; fileRef = D0FF7CAD1B2879C400F238A6 /* SignUpViewController.swift */; };
		D0FF7CD71B289FFF00F238A6 /* Bolts.framework in Frameworks */ = {isa = PBXBuildFile; fileRef = D0FF7CD61B289FFF00F238A6 /* Bolts.framework */; };
		D0FF7CD91B28A00E00F238A6 /* Parse.framework in Frameworks */ = {isa = PBXBuildFile; fileRef = D0FF7CD81B28A00E00F238A6 /* Parse.framework */; };
		D0FF7CDB1B28A04600F238A6 /* AudioToolbox.framework in Frameworks */ = {isa = PBXBuildFile; fileRef = D0FF7CDA1B28A04600F238A6 /* AudioToolbox.framework */; };
		D0FF7CDD1B28A04D00F238A6 /* CFNetwork.framework in Frameworks */ = {isa = PBXBuildFile; fileRef = D0FF7CDC1B28A04D00F238A6 /* CFNetwork.framework */; };
		D0FF7CDF1B28A05500F238A6 /* CoreGraphics.framework in Frameworks */ = {isa = PBXBuildFile; fileRef = D0FF7CDE1B28A05500F238A6 /* CoreGraphics.framework */; };
		D0FF7CE11B28A05D00F238A6 /* CoreLocation.framework in Frameworks */ = {isa = PBXBuildFile; fileRef = D0FF7CE01B28A05D00F238A6 /* CoreLocation.framework */; };
		D0FF7CE31B28A06500F238A6 /* MobileCoreServices.framework in Frameworks */ = {isa = PBXBuildFile; fileRef = D0FF7CE21B28A06500F238A6 /* MobileCoreServices.framework */; };
		D0FF7CE51B28A06D00F238A6 /* QuartzCore.framework in Frameworks */ = {isa = PBXBuildFile; fileRef = D0FF7CE41B28A06D00F238A6 /* QuartzCore.framework */; };
		D0FF7CE71B28A07300F238A6 /* Security.framework in Frameworks */ = {isa = PBXBuildFile; fileRef = D0FF7CE61B28A07300F238A6 /* Security.framework */; };
		D0FF7CE91B28A07900F238A6 /* StoreKit.framework in Frameworks */ = {isa = PBXBuildFile; fileRef = D0FF7CE81B28A07900F238A6 /* StoreKit.framework */; };
		D0FF7CEB1B28A08500F238A6 /* SystemConfiguration.framework in Frameworks */ = {isa = PBXBuildFile; fileRef = D0FF7CEA1B28A08500F238A6 /* SystemConfiguration.framework */; };
		D0FF7CED1B28A09800F238A6 /* libz.dylib in Frameworks */ = {isa = PBXBuildFile; fileRef = D0FF7CEC1B28A09800F238A6 /* libz.dylib */; };
		D0FF7CEF1B28A0A200F238A6 /* libsqlite3.dylib in Frameworks */ = {isa = PBXBuildFile; fileRef = D0FF7CEE1B28A0A200F238A6 /* libsqlite3.dylib */; };
/* End PBXBuildFile section */

/* Begin PBXContainerItemProxy section */
		D0FF7C9C1B2853BC00F238A6 /* PBXContainerItemProxy */ = {
			isa = PBXContainerItemProxy;
			containerPortal = D0FF7C7E1B2853BC00F238A6 /* Project object */;
			proxyType = 1;
			remoteGlobalIDString = D0FF7C851B2853BC00F238A6;
			remoteInfo = "to-do";
		};
/* End PBXContainerItemProxy section */

/* Begin PBXFileReference section */
		D0FF7C861B2853BC00F238A6 /* to-do.app */ = {isa = PBXFileReference; explicitFileType = wrapper.application; includeInIndex = 0; path = "to-do.app"; sourceTree = BUILT_PRODUCTS_DIR; };
		D0FF7C8A1B2853BC00F238A6 /* Info.plist */ = {isa = PBXFileReference; lastKnownFileType = text.plist.xml; path = Info.plist; sourceTree = "<group>"; };
		D0FF7C8B1B2853BC00F238A6 /* AppDelegate.swift */ = {isa = PBXFileReference; lastKnownFileType = sourcecode.swift; path = AppDelegate.swift; sourceTree = "<group>"; };
		D0FF7C8D1B2853BC00F238A6 /* ViewController.swift */ = {isa = PBXFileReference; lastKnownFileType = sourcecode.swift; path = ViewController.swift; sourceTree = "<group>"; };
		D0FF7C901B2853BC00F238A6 /* Base */ = {isa = PBXFileReference; lastKnownFileType = file.storyboard; name = Base; path = Base.lproj/Main.storyboard; sourceTree = "<group>"; };
		D0FF7C921B2853BC00F238A6 /* Images.xcassets */ = {isa = PBXFileReference; lastKnownFileType = folder.assetcatalog; path = Images.xcassets; sourceTree = "<group>"; };
		D0FF7C951B2853BC00F238A6 /* Base */ = {isa = PBXFileReference; lastKnownFileType = file.xib; name = Base; path = Base.lproj/LaunchScreen.xib; sourceTree = "<group>"; };
		D0FF7C9B1B2853BC00F238A6 /* to-doTests.xctest */ = {isa = PBXFileReference; explicitFileType = wrapper.cfbundle; includeInIndex = 0; path = "to-doTests.xctest"; sourceTree = BUILT_PRODUCTS_DIR; };
		D0FF7CA01B2853BC00F238A6 /* Info.plist */ = {isa = PBXFileReference; lastKnownFileType = text.plist.xml; path = Info.plist; sourceTree = "<group>"; };
		D0FF7CA11B2853BC00F238A6 /* to_doTests.swift */ = {isa = PBXFileReference; lastKnownFileType = sourcecode.swift; path = to_doTests.swift; sourceTree = "<group>"; };
		D0FF7CAD1B2879C400F238A6 /* SignUpViewController.swift */ = {isa = PBXFileReference; fileEncoding = 4; lastKnownFileType = sourcecode.swift; name = SignUpViewController.swift; path = ../SignUpViewController.swift; sourceTree = "<group>"; };
		D0FF7CD61B289FFF00F238A6 /* Bolts.framework */ = {isa = PBXFileReference; lastKnownFileType = wrapper.framework; path = Bolts.framework; sourceTree = "<group>"; };
		D0FF7CD81B28A00E00F238A6 /* Parse.framework */ = {isa = PBXFileReference; lastKnownFileType = wrapper.framework; path = Parse.framework; sourceTree = "<group>"; };
		D0FF7CDA1B28A04600F238A6 /* AudioToolbox.framework */ = {isa = PBXFileReference; lastKnownFileType = wrapper.framework; name = AudioToolbox.framework; path = System/Library/Frameworks/AudioToolbox.framework; sourceTree = SDKROOT; };
		D0FF7CDC1B28A04D00F238A6 /* CFNetwork.framework */ = {isa = PBXFileReference; lastKnownFileType = wrapper.framework; name = CFNetwork.framework; path = System/Library/Frameworks/CFNetwork.framework; sourceTree = SDKROOT; };
		D0FF7CDE1B28A05500F238A6 /* CoreGraphics.framework */ = {isa = PBXFileReference; lastKnownFileType = wrapper.framework; name = CoreGraphics.framework; path = System/Library/Frameworks/CoreGraphics.framework; sourceTree = SDKROOT; };
		D0FF7CE01B28A05D00F238A6 /* CoreLocation.framework */ = {isa = PBXFileReference; lastKnownFileType = wrapper.framework; name = CoreLocation.framework; path = System/Library/Frameworks/CoreLocation.framework; sourceTree = SDKROOT; };
		D0FF7CE21B28A06500F238A6 /* MobileCoreServices.framework */ = {isa = PBXFileReference; lastKnownFileType = wrapper.framework; name = MobileCoreServices.framework; path = System/Library/Frameworks/MobileCoreServices.framework; sourceTree = SDKROOT; };
		D0FF7CE41B28A06D00F238A6 /* QuartzCore.framework */ = {isa = PBXFileReference; lastKnownFileType = wrapper.framework; name = QuartzCore.framework; path = System/Library/Frameworks/QuartzCore.framework; sourceTree = SDKROOT; };
		D0FF7CE61B28A07300F238A6 /* Security.framework */ = {isa = PBXFileReference; lastKnownFileType = wrapper.framework; name = Security.framework; path = System/Library/Frameworks/Security.framework; sourceTree = SDKROOT; };
		D0FF7CE81B28A07900F238A6 /* StoreKit.framework */ = {isa = PBXFileReference; lastKnownFileType = wrapper.framework; name = StoreKit.framework; path = System/Library/Frameworks/StoreKit.framework; sourceTree = SDKROOT; };
		D0FF7CEA1B28A08500F238A6 /* SystemConfiguration.framework */ = {isa = PBXFileReference; lastKnownFileType = wrapper.framework; name = SystemConfiguration.framework; path = System/Library/Frameworks/SystemConfiguration.framework; sourceTree = SDKROOT; };
		D0FF7CEC1B28A09800F238A6 /* libz.dylib */ = {isa = PBXFileReference; lastKnownFileType = "compiled.mach-o.dylib"; name = libz.dylib; path = usr/lib/libz.dylib; sourceTree = SDKROOT; };
		D0FF7CEE1B28A0A200F238A6 /* libsqlite3.dylib */ = {isa = PBXFileReference; lastKnownFileType = "compiled.mach-o.dylib"; name = libsqlite3.dylib; path = usr/lib/libsqlite3.dylib; sourceTree = SDKROOT; };
/* End PBXFileReference section */

/* Begin PBXFrameworksBuildPhase section */
		D0FF7C831B2853BC00F238A6 /* Frameworks */ = {
			isa = PBXFrameworksBuildPhase;
			buildActionMask = 2147483647;
			files = (
				D0FF7CEF1B28A0A200F238A6 /* libsqlite3.dylib in Frameworks */,
				D0FF7CED1B28A09800F238A6 /* libz.dylib in Frameworks */,
				D0FF7CEB1B28A08500F238A6 /* SystemConfiguration.framework in Frameworks */,
				D0FF7CE91B28A07900F238A6 /* StoreKit.framework in Frameworks */,
				D0FF7CE71B28A07300F238A6 /* Security.framework in Frameworks */,
				D0FF7CE51B28A06D00F238A6 /* QuartzCore.framework in Frameworks */,
				D0FF7CE31B28A06500F238A6 /* MobileCoreServices.framework in Frameworks */,
				D0FF7CE11B28A05D00F238A6 /* CoreLocation.framework in Frameworks */,
				D0FF7CDF1B28A05500F238A6 /* CoreGraphics.framework in Frameworks */,
				D0FF7CDD1B28A04D00F238A6 /* CFNetwork.framework in Frameworks */,
				D0FF7CDB1B28A04600F238A6 /* AudioToolbox.framework in Frameworks */,
				D0FF7CD91B28A00E00F238A6 /* Parse.framework in Frameworks */,
				D0FF7CD71B289FFF00F238A6 /* Bolts.framework in Frameworks */,
			);
			runOnlyForDeploymentPostprocessing = 0;
		};
		D0FF7C981B2853BC00F238A6 /* Frameworks */ = {
			isa = PBXFrameworksBuildPhase;
			buildActionMask = 2147483647;
			files = (
			);
			runOnlyForDeploymentPostprocessing = 0;
		};
/* End PBXFrameworksBuildPhase section */

/* Begin PBXGroup section */
		D0FF7C7D1B2853BC00F238A6 = {
			isa = PBXGroup;
			children = (
				D0FF7CF01B28A0AA00F238A6 /* Frameworks */,
				D0FF7C881B2853BC00F238A6 /* to-do */,
				D0FF7C9E1B2853BC00F238A6 /* to-doTests */,
				D0FF7C871B2853BC00F238A6 /* Products */,
			);
			sourceTree = "<group>";
		};
		D0FF7C871B2853BC00F238A6 /* Products */ = {
			isa = PBXGroup;
			children = (
				D0FF7C861B2853BC00F238A6 /* to-do.app */,
				D0FF7C9B1B2853BC00F238A6 /* to-doTests.xctest */,
			);
			name = Products;
			sourceTree = "<group>";
		};
		D0FF7C881B2853BC00F238A6 /* to-do */ = {
			isa = PBXGroup;
			children = (
				D0FF7CAD1B2879C400F238A6 /* SignUpViewController.swift */,
				D0FF7C8B1B2853BC00F238A6 /* AppDelegate.swift */,
				D0FF7C8D1B2853BC00F238A6 /* ViewController.swift */,
				D0FF7C8F1B2853BC00F238A6 /* Main.storyboard */,
				D0FF7C921B2853BC00F238A6 /* Images.xcassets */,
				D0FF7C941B2853BC00F238A6 /* LaunchScreen.xib */,
				D0FF7C891B2853BC00F238A6 /* Supporting Files */,
			);
			path = "to-do";
			sourceTree = "<group>";
		};
		D0FF7C891B2853BC00F238A6 /* Supporting Files */ = {
			isa = PBXGroup;
			children = (
				D0FF7C8A1B2853BC00F238A6 /* Info.plist */,
			);
			name = "Supporting Files";
			sourceTree = "<group>";
		};
		D0FF7C9E1B2853BC00F238A6 /* to-doTests */ = {
			isa = PBXGroup;
			children = (
				D0FF7CA11B2853BC00F238A6 /* to_doTests.swift */,
				D0FF7C9F1B2853BC00F238A6 /* Supporting Files */,
			);
			path = "to-doTests";
			sourceTree = "<group>";
		};
		D0FF7C9F1B2853BC00F238A6 /* Supporting Files */ = {
			isa = PBXGroup;
			children = (
				D0FF7CA01B2853BC00F238A6 /* Info.plist */,
			);
			name = "Supporting Files";
			sourceTree = "<group>";
		};
		D0FF7CF01B28A0AA00F238A6 /* Frameworks */ = {
			isa = PBXGroup;
			children = (
				D0FF7CD81B28A00E00F238A6 /* Parse.framework */,
				D0FF7CD61B289FFF00F238A6 /* Bolts.framework */,
				D0FF7CEE1B28A0A200F238A6 /* libsqlite3.dylib */,
				D0FF7CEC1B28A09800F238A6 /* libz.dylib */,
				D0FF7CEA1B28A08500F238A6 /* SystemConfiguration.framework */,
				D0FF7CE81B28A07900F238A6 /* StoreKit.framework */,
				D0FF7CE61B28A07300F238A6 /* Security.framework */,
				D0FF7CE41B28A06D00F238A6 /* QuartzCore.framework */,
				D0FF7CE21B28A06500F238A6 /* MobileCoreServices.framework */,
				D0FF7CE01B28A05D00F238A6 /* CoreLocation.framework */,
				D0FF7CDE1B28A05500F238A6 /* CoreGraphics.framework */,
				D0FF7CDC1B28A04D00F238A6 /* CFNetwork.framework */,
				D0FF7CDA1B28A04600F238A6 /* AudioToolbox.framework */,
			);
			name = Frameworks;
			sourceTree = "<group>";
		};
/* End PBXGroup section */

/* Begin PBXNativeTarget section */
		D0FF7C851B2853BC00F238A6 /* to-do */ = {
			isa = PBXNativeTarget;
			buildConfigurationList = D0FF7CA51B2853BC00F238A6 /* Build configuration list for PBXNativeTarget "to-do" */;
			buildPhases = (
				D0FF7C821B2853BC00F238A6 /* Sources */,
				D0FF7C831B2853BC00F238A6 /* Frameworks */,
				D0FF7C841B2853BC00F238A6 /* Resources */,
			);
			buildRules = (
			);
			dependencies = (
			);
			name = "to-do";
			productName = "to-do";
			productReference = D0FF7C861B2853BC00F238A6 /* to-do.app */;
			productType = "com.apple.product-type.application";
		};
		D0FF7C9A1B2853BC00F238A6 /* to-doTests */ = {
			isa = PBXNativeTarget;
			buildConfigurationList = D0FF7CA81B2853BC00F238A6 /* Build configuration list for PBXNativeTarget "to-doTests" */;
			buildPhases = (
				D0FF7C971B2853BC00F238A6 /* Sources */,
				D0FF7C981B2853BC00F238A6 /* Frameworks */,
				D0FF7C991B2853BC00F238A6 /* Resources */,
			);
			buildRules = (
			);
			dependencies = (
				D0FF7C9D1B2853BC00F238A6 /* PBXTargetDependency */,
			);
			name = "to-doTests";
			productName = "to-doTests";
			productReference = D0FF7C9B1B2853BC00F238A6 /* to-doTests.xctest */;
			productType = "com.apple.product-type.bundle.unit-test";
		};
/* End PBXNativeTarget section */

/* Begin PBXProject section */
		D0FF7C7E1B2853BC00F238A6 /* Project object */ = {
			isa = PBXProject;
			attributes = {
				LastUpgradeCheck = 0630;
				ORGANIZATIONNAME = Mishal;
				TargetAttributes = {
					D0FF7C851B2853BC00F238A6 = {
						CreatedOnToolsVersion = 6.3.2;
					};
					D0FF7C9A1B2853BC00F238A6 = {
						CreatedOnToolsVersion = 6.3.2;
						TestTargetID = D0FF7C851B2853BC00F238A6;
					};
				};
			};
			buildConfigurationList = D0FF7C811B2853BC00F238A6 /* Build configuration list for PBXProject "to-do" */;
			compatibilityVersion = "Xcode 3.2";
			developmentRegion = English;
			hasScannedForEncodings = 0;
			knownRegions = (
				en,
				Base,
			);
			mainGroup = D0FF7C7D1B2853BC00F238A6;
			productRefGroup = D0FF7C871B2853BC00F238A6 /* Products */;
			projectDirPath = "";
			projectRoot = "";
			targets = (
				D0FF7C851B2853BC00F238A6 /* to-do */,
				D0FF7C9A1B2853BC00F238A6 /* to-doTests */,
			);
		};
/* End PBXProject section */

/* Begin PBXResourcesBuildPhase section */
		D0FF7C841B2853BC00F238A6 /* Resources */ = {
			isa = PBXResourcesBuildPhase;
			buildActionMask = 2147483647;
			files = (
				D0FF7C911B2853BC00F238A6 /* Main.storyboard in Resources */,
				D0FF7C961B2853BC00F238A6 /* LaunchScreen.xib in Resources */,
				D0FF7C931B2853BC00F238A6 /* Images.xcassets in Resources */,
			);
			runOnlyForDeploymentPostprocessing = 0;
		};
		D0FF7C991B2853BC00F238A6 /* Resources */ = {
			isa = PBXResourcesBuildPhase;
			buildActionMask = 2147483647;
			files = (
			);
			runOnlyForDeploymentPostprocessing = 0;
		};
/* End PBXResourcesBuildPhase section */

/* Begin PBXSourcesBuildPhase section */
		D0FF7C821B2853BC00F238A6 /* Sources */ = {
			isa = PBXSourcesBuildPhase;
			buildActionMask = 2147483647;
			files = (
				D0FF7CAE1B2879C400F238A6 /* SignUpViewController.swift in Sources */,
				D0FF7C8E1B2853BC00F238A6 /* ViewController.swift in Sources */,
				D0FF7C8C1B2853BC00F238A6 /* AppDelegate.swift in Sources */,
			);
			runOnlyForDeploymentPostprocessing = 0;
		};
		D0FF7C971B2853BC00F238A6 /* Sources */ = {
			isa = PBXSourcesBuildPhase;
			buildActionMask = 2147483647;
			files = (
				D0FF7CA21B2853BC00F238A6 /* to_doTests.swift in Sources */,
			);
			runOnlyForDeploymentPostprocessing = 0;
		};
/* End PBXSourcesBuildPhase section */

/* Begin PBXTargetDependency section */
		D0FF7C9D1B2853BC00F238A6 /* PBXTargetDependency */ = {
			isa = PBXTargetDependency;
			target = D0FF7C851B2853BC00F238A6 /* to-do */;
			targetProxy = D0FF7C9C1B2853BC00F238A6 /* PBXContainerItemProxy */;
		};
/* End PBXTargetDependency section */

/* Begin PBXVariantGroup section */
		D0FF7C8F1B2853BC00F238A6 /* Main.storyboard */ = {
			isa = PBXVariantGroup;
			children = (
				D0FF7C901B2853BC00F238A6 /* Base */,
			);
			name = Main.storyboard;
			sourceTree = "<group>";
		};
		D0FF7C941B2853BC00F238A6 /* LaunchScreen.xib */ = {
			isa = PBXVariantGroup;
			children = (
				D0FF7C951B2853BC00F238A6 /* Base */,
			);
			name = LaunchScreen.xib;
			sourceTree = "<group>";
		};
/* End PBXVariantGroup section */

/* Begin XCBuildConfiguration section */
		D0FF7CA31B2853BC00F238A6 /* Debug */ = {
			isa = XCBuildConfiguration;
			buildSettings = {
				ALWAYS_SEARCH_USER_PATHS = NO;
				CLANG_CXX_LANGUAGE_STANDARD = "gnu++0x";
				CLANG_CXX_LIBRARY = "libc++";
				CLANG_ENABLE_MODULES = YES;
				CLANG_ENABLE_OBJC_ARC = YES;
				CLANG_WARN_BOOL_CONVERSION = YES;
				CLANG_WARN_CONSTANT_CONVERSION = YES;
				CLANG_WARN_DIRECT_OBJC_ISA_USAGE = YES_ERROR;
				CLANG_WARN_EMPTY_BODY = YES;
				CLANG_WARN_ENUM_CONVERSION = YES;
				CLANG_WARN_INT_CONVERSION = YES;
				CLANG_WARN_OBJC_ROOT_CLASS = YES_ERROR;
				CLANG_WARN_UNREACHABLE_CODE = YES;
				CLANG_WARN__DUPLICATE_METHOD_MATCH = YES;
				"CODE_SIGN_IDENTITY[sdk=iphoneos*]" = "iPhone Developer";
				COPY_PHASE_STRIP = NO;
				DEBUG_INFORMATION_FORMAT = "dwarf-with-dsym";
				ENABLE_STRICT_OBJC_MSGSEND = YES;
				GCC_C_LANGUAGE_STANDARD = gnu99;
				GCC_DYNAMIC_NO_PIC = NO;
				GCC_NO_COMMON_BLOCKS = YES;
				GCC_OPTIMIZATION_LEVEL = 0;
				GCC_PREPROCESSOR_DEFINITIONS = (
					"DEBUG=1",
					"$(inherited)",
				);
				GCC_SYMBOLS_PRIVATE_EXTERN = NO;
				GCC_WARN_64_TO_32_BIT_CONVERSION = YES;
				GCC_WARN_ABOUT_RETURN_TYPE = YES_ERROR;
				GCC_WARN_UNDECLARED_SELECTOR = YES;
				GCC_WARN_UNINITIALIZED_AUTOS = YES_AGGRESSIVE;
				GCC_WARN_UNUSED_FUNCTION = YES;
				GCC_WARN_UNUSED_VARIABLE = YES;
				IPHONEOS_DEPLOYMENT_TARGET = 8.3;
				MTL_ENABLE_DEBUG_INFO = YES;
				ONLY_ACTIVE_ARCH = YES;
				SDKROOT = iphoneos;
				SWIFT_OPTIMIZATION_LEVEL = "-Onone";
			};
			name = Debug;
		};
		D0FF7CA41B2853BC00F238A6 /* Release */ = {
			isa = XCBuildConfiguration;
			buildSettings = {
				ALWAYS_SEARCH_USER_PATHS = NO;
				CLANG_CXX_LANGUAGE_STANDARD = "gnu++0x";
				CLANG_CXX_LIBRARY = "libc++";
				CLANG_ENABLE_MODULES = YES;
				CLANG_ENABLE_OBJC_ARC = YES;
				CLANG_WARN_BOOL_CONVERSION = YES;
				CLANG_WARN_CONSTANT_CONVERSION = YES;
				CLANG_WARN_DIRECT_OBJC_ISA_USAGE = YES_ERROR;
				CLANG_WARN_EMPTY_BODY = YES;
				CLANG_WARN_ENUM_CONVERSION = YES;
				CLANG_WARN_INT_CONVERSION = YES;
				CLANG_WARN_OBJC_ROOT_CLASS = YES_ERROR;
				CLANG_WARN_UNREACHABLE_CODE = YES;
				CLANG_WARN__DUPLICATE_METHOD_MATCH = YES;
				"CODE_SIGN_IDENTITY[sdk=iphoneos*]" = "iPhone Developer";
				COPY_PHASE_STRIP = NO;
				DEBUG_INFORMATION_FORMAT = "dwarf-with-dsym";
				ENABLE_NS_ASSERTIONS = NO;
				ENABLE_STRICT_OBJC_MSGSEND = YES;
				GCC_C_LANGUAGE_STANDARD = gnu99;
				GCC_NO_COMMON_BLOCKS = YES;
				GCC_WARN_64_TO_32_BIT_CONVERSION = YES;
				GCC_WARN_ABOUT_RETURN_TYPE = YES_ERROR;
				GCC_WARN_UNDECLARED_SELECTOR = YES;
				GCC_WARN_UNINITIALIZED_AUTOS = YES_AGGRESSIVE;
				GCC_WARN_UNUSED_FUNCTION = YES;
				GCC_WARN_UNUSED_VARIABLE = YES;
				IPHONEOS_DEPLOYMENT_TARGET = 8.3;
				MTL_ENABLE_DEBUG_INFO = NO;
				SDKROOT = iphoneos;
				VALIDATE_PRODUCT = YES;
			};
			name = Release;
		};
		D0FF7CA61B2853BC00F238A6 /* Debug */ = {
			isa = XCBuildConfiguration;
			buildSettings = {
				ASSETCATALOG_COMPILER_APPICON_NAME = AppIcon;
				FRAMEWORK_SEARCH_PATHS = (
					"$(inherited)",
					"$(PROJECT_DIR)",
				);
				INFOPLIST_FILE = "to-do/Info.plist";
				LD_RUNPATH_SEARCH_PATHS = "$(inherited) @executable_path/Frameworks";
				PRODUCT_NAME = "$(TARGET_NAME)";
			};
			name = Debug;
		};
		D0FF7CA71B2853BC00F238A6 /* Release */ = {
			isa = XCBuildConfiguration;
			buildSettings = {
				ASSETCATALOG_COMPILER_APPICON_NAME = AppIcon;
				FRAMEWORK_SEARCH_PATHS = (
					"$(inherited)",
					"$(PROJECT_DIR)",
				);
				INFOPLIST_FILE = "to-do/Info.plist";
				LD_RUNPATH_SEARCH_PATHS = "$(inherited) @executable_path/Frameworks";
				PRODUCT_NAME = "$(TARGET_NAME)";
			};
			name = Release;
		};
		D0FF7CA91B2853BC00F238A6 /* Debug */ = {
			isa = XCBuildConfiguration;
			buildSettings = {
				BUNDLE_LOADER = "$(TEST_HOST)";
				FRAMEWORK_SEARCH_PATHS = (
					"$(SDKROOT)/Developer/Library/Frameworks",
					"$(inherited)",
				);
				GCC_PREPROCESSOR_DEFINITIONS = (
					"DEBUG=1",
					"$(inherited)",
				);
				INFOPLIST_FILE = "to-doTests/Info.plist";
				LD_RUNPATH_SEARCH_PATHS = "$(inherited) @executable_path/Frameworks @loader_path/Frameworks";
				PRODUCT_NAME = "$(TARGET_NAME)";
				TEST_HOST = "$(BUILT_PRODUCTS_DIR)/to-do.app/to-do";
			};
			name = Debug;
		};
		D0FF7CAA1B2853BC00F238A6 /* Release */ = {
			isa = XCBuildConfiguration;
			buildSettings = {
				BUNDLE_LOADER = "$(TEST_HOST)";
				FRAMEWORK_SEARCH_PATHS = (
					"$(SDKROOT)/Developer/Library/Frameworks",
					"$(inherited)",
				);
				INFOPLIST_FILE = "to-doTests/Info.plist";
				LD_RUNPATH_SEARCH_PATHS = "$(inherited) @executable_path/Frameworks @loader_path/Frameworks";
				PRODUCT_NAME = "$(TARGET_NAME)";
				TEST_HOST = "$(BUILT_PRODUCTS_DIR)/to-do.app/to-do";
			};
			name = Release;
		};
/* End XCBuildConfiguration section */

/* Begin XCConfigurationList section */
		D0FF7C811B2853BC00F238A6 /* Build configuration list for PBXProject "to-do" */ = {
			isa = XCConfigurationList;
			buildConfigurations = (
				D0FF7CA31B2853BC00F238A6 /* Debug */,
				D0FF7CA41B2853BC00F238A6 /* Release */,
			);
			defaultConfigurationIsVisible = 0;
			defaultConfigurationName = Release;
		};
		D0FF7CA51B2853BC00F238A6 /* Build configuration list for PBXNativeTarget "to-do" */ = {
			isa = XCConfigurationList;
			buildConfigurations = (
				D0FF7CA61B2853BC00F238A6 /* Debug */,
				D0FF7CA71B2853BC00F238A6 /* Release */,
			);
			defaultConfigurationIsVisible = 0;
			defaultConfigurationName = Release;
		};
		D0FF7CA81B2853BC00F238A6 /* Build configuration list for PBXNativeTarget "to-doTests" */ = {
			isa = XCConfigurationList;
			buildConfigurations = (
				D0FF7CA91B2853BC00F238A6 /* Debug */,
				D0FF7CAA1B2853BC00F238A6 /* Release */,
			);
			defaultConfigurationIsVisible = 0;
			defaultConfigurationName = Release;
		};
/* End XCConfigurationList section */
	};
	rootObject = D0FF7C7E1B2853BC00F238A6 /* Project object */;
}
